
Microsoft Visual Studio Solution File, Format Version 12.00
# Visual Studio Version 16
VisualStudioVersion = 16.0.31613.86
MinimumVisualStudioVersion = 10.0.40219.1
Project("{FAE04EC0-301F-11D3-BF4B-00C04F79EFBC}") = "Harjoitus 2", "Harjoitus 2\Harjoitus 2.csproj", "{794DBE86-867F-441A-9D58-50F964D04464}"
EndProject
Global
	GlobalSection(SolutionConfigurationPlatforms) = preSolution
		Debug|Any CPU = Debug|Any CPU
		Release|Any CPU = Release|Any CPU
	EndGlobalSection
	GlobalSection(ProjectConfigurationPlatforms) = postSolution
		{794DBE86-867F-441A-9D58-50F964D04464}.Debug|Any CPU.ActiveCfg = Debug|Any CPU
		{794DBE86-867F-441A-9D58-50F964D04464}.Debug|Any CPU.Build.0 = Debug|Any CPU
		{794DBE86-867F-441A-9D58-50F964D04464}.Release|Any CPU.ActiveCfg = Release|Any CPU
		{794DBE86-867F-441A-9D58-50F964D04464}.Release|Any CPU.Build.0 = Release|Any CPU
	EndGlobalSection
	GlobalSection(SolutionProperties) = preSolution
		HideSolutionNode = FALSE
	EndGlobalSection
	GlobalSection(ExtensibilityGlobals) = postSolution
		SolutionGuid = {D14A4E26-FB5B-4A71-BEF9-38CD3CCF795E}
	EndGlobalSection
EndGlobal
