
Microsoft Visual Studio Solution File, Format Version 12.00
# Visual Studio Version 16
VisualStudioVersion = 16.0.31613.86
MinimumVisualStudioVersion = 10.0.40219.1
Project("{FAE04EC0-301F-11D3-BF4B-00C04F79EFBC}") = "Muistio", "Muistio\Muistio.csproj", "{659B0AF6-EB74-4CEF-ACA5-A1D36F67150B}"
EndProject
Global
	GlobalSection(SolutionConfigurationPlatforms) = preSolution
		Debug|Any CPU = Debug|Any CPU
		Release|Any CPU = Release|Any CPU
	EndGlobalSection
	GlobalSection(ProjectConfigurationPlatforms) = postSolution
		{659B0AF6-EB74-4CEF-ACA5-A1D36F67150B}.Debug|Any CPU.ActiveCfg = Debug|Any CPU
		{659B0AF6-EB74-4CEF-ACA5-A1D36F67150B}.Debug|Any CPU.Build.0 = Debug|Any CPU
		{659B0AF6-EB74-4CEF-ACA5-A1D36F67150B}.Release|Any CPU.ActiveCfg = Release|Any CPU
		{659B0AF6-EB74-4CEF-ACA5-A1D36F67150B}.Release|Any CPU.Build.0 = Release|Any CPU
	EndGlobalSection
	GlobalSection(SolutionProperties) = preSolution
		HideSolutionNode = FALSE
	EndGlobalSection
	GlobalSection(ExtensibilityGlobals) = postSolution
		SolutionGuid = {5DEB950B-3088-467B-BB17-157A842DDE6E}
	EndGlobalSection
EndGlobal
